
Microsoft Visual Studio Solution File, Format Version 12.00
# Visual Studio Version 16
VisualStudioVersion = 16.0.30413.136
MinimumVisualStudioVersion = 10.0.40219.1
Project("{FAE04EC0-301F-11D3-BF4B-00C04F79EFBC}") = "SeriousAPI", "SeriousAPI.csproj", "{05C961FE-1F5F-48F9-9F93-0E9D4AAF7F04}"
EndProject
Global
	GlobalSection(SolutionConfigurationPlatforms) = preSolution
		Debug|Any CPU = Debug|Any CPU
		Release|Any CPU = Release|Any CPU
	EndGlobalSection
	GlobalSection(ProjectConfigurationPlatforms) = postSolution
		{05C961FE-1F5F-48F9-9F93-0E9D4AAF7F04}.Debug|Any CPU.ActiveCfg = Debug|Any CPU
		{05C961FE-1F5F-48F9-9F93-0E9D4AAF7F04}.Debug|Any CPU.Build.0 = Debug|Any CPU
		{05C961FE-1F5F-48F9-9F93-0E9D4AAF7F04}.Release|Any CPU.ActiveCfg = Release|Any CPU
		{05C961FE-1F5F-48F9-9F93-0E9D4AAF7F04}.Release|Any CPU.Build.0 = Release|Any CPU
	EndGlobalSection
	GlobalSection(SolutionProperties) = preSolution
		HideSolutionNode = FALSE
	EndGlobalSection
	GlobalSection(ExtensibilityGlobals) = postSolution
		SolutionGuid = {7B1B20C0-9476-409F-85C8-146770817272}
	EndGlobalSection
EndGlobal
